github.com/diosurandito/go-say-hello v1.0.0 h1:3rQrbsnGE2d90FuZIVjMpHpeb0E/oQeID8gH77t8hJA=
github.com/diosurandito/go-say-hello v1.0.0/go.mod h1:6ygd3qDebW81bZ3Zm/3Oip4608TgMT1nCWO/sNn+lb8=
github.com/diosurandito/go-say-hello v1.5.0 h1:RB2ZPfk9xd2wKO4LkHEstijQTXaiz2n8BQi8npvveug=
github.com/diosurandito/go-say-hello v1.5.0/go.mod h1:6ygd3qDebW81bZ3Zm/3Oip4608TgMT1nCWO/sNn+lb8=
github.com/diosurandito/go-say-hello/v2 v2.0.0 h1:dCjj1yXwb0nOAQniEMNtI+iZoB3itO+pB1spcKOtQD8=
github.com/diosurandito/go-say-hello/v2 v2.0.0/go.mod h1:/S4STfXVUqxjuyxzA91gT5BPede6Jd62+jg7E6omgOk=
github.com/diosurandito/go-say-hello/v2 v2.0.1 h1:W5eaOuBWEn2mRIFABTxKItXqe7rf+zmhlKsFctpB0NA=
github.com/diosurandito/go-say-hello/v2 v2.0.1/go.mod h1:/S4STfXVUqxjuyxzA91gT5BPede6Jd62+jg7E6omgOk=
